
Microsoft Visual Studio Solution File, Format Version 12.00
# Visual Studio Version 16
VisualStudioVersion = 16.0.32630.194
MinimumVisualStudioVersion = 10.0.40219.1
Project("{FAE04EC0-301F-11D3-BF4B-00C04F79EFBC}") = "teleport", "teleport\teleport.csproj", "{D7AA323D-AD6A-44C9-ACE1-38780613F7D2}"
EndProject
Global
	GlobalSection(SolutionConfigurationPlatforms) = preSolution
		Debug|Any CPU = Debug|Any CPU
		Release|Any CPU = Release|Any CPU
	EndGlobalSection
	GlobalSection(ProjectConfigurationPlatforms) = postSolution
		{D7AA323D-AD6A-44C9-ACE1-38780613F7D2}.Debug|Any CPU.ActiveCfg = Debug|Any CPU
		{D7AA323D-AD6A-44C9-ACE1-38780613F7D2}.Debug|Any CPU.Build.0 = Debug|Any CPU
		{D7AA323D-AD6A-44C9-ACE1-38780613F7D2}.Release|Any CPU.ActiveCfg = Release|Any CPU
		{D7AA323D-AD6A-44C9-ACE1-38780613F7D2}.Release|Any CPU.Build.0 = Release|Any CPU
	EndGlobalSection
	GlobalSection(SolutionProperties) = preSolution
		HideSolutionNode = FALSE
	EndGlobalSection
	GlobalSection(ExtensibilityGlobals) = postSolution
		SolutionGuid = {DDCAFD95-4871-4168-8FF0-8FE7A14458B4}
	EndGlobalSection
EndGlobal
